// !$*UTF8*$!
{
	archiveVersion = 1;
	classes = {
	};
	objectVersion = 50;
	objects = {

/* Begin PBXBuildFile section */
		A73883DD263361910064B985 /* AppDelegate.swift in Sources */ = {isa = PBXBuildFile; fileRef = A73883DC263361910064B985 /* AppDelegate.swift */; };
		A73883DF263361910064B985 /* SceneDelegate.swift in Sources */ = {isa = PBXBuildFile; fileRef = A73883DE263361910064B985 /* SceneDelegate.swift */; };
		A73883E1263361910064B985 /* ViewController.swift in Sources */ = {isa = PBXBuildFile; fileRef = A73883E0263361910064B985 /* ViewController.swift */; };
		A73883E4263361910064B985 /* Main.storyboard in Resources */ = {isa = PBXBuildFile; fileRef = A73883E2263361910064B985 /* Main.storyboard */; };
		A73883E6263361920064B985 /* Assets.xcassets in Resources */ = {isa = PBXBuildFile; fileRef = A73883E5263361920064B985 /* Assets.xcassets */; };
		A73883E9263361920064B985 /* LaunchScreen.storyboard in Resources */ = {isa = PBXBuildFile; fileRef = A73883E7263361920064B985 /* LaunchScreen.storyboard */; };
		A73883F1263369BC0064B985 /* chogokubosogothic_5.ttf in Resources */ = {isa = PBXBuildFile; fileRef = A73883F0263369BC0064B985 /* chogokubosogothic_5.ttf */; };
		A73883F9263384390064B985 /* LouisvuittonTableViewController.swift in Sources */ = {isa = PBXBuildFile; fileRef = A73883F8263384390064B985 /* LouisvuittonTableViewController.swift */; };
/* End PBXBuildFile section */

/* Begin PBXFileReference section */
		A73883D9263361910064B985 /* shopp.app */ = {isa = PBXFileReference; explicitFileType = wrapper.application; includeInIndex = 0; path = shopp.app; sourceTree = BUILT_PRODUCTS_DIR; };
		A73883DC263361910064B985 /* AppDelegate.swift */ = {isa = PBXFileReference; lastKnownFileType = sourcecode.swift; path = AppDelegate.swift; sourceTree = "<group>"; };
		A73883DE263361910064B985 /* SceneDelegate.swift */ = {isa = PBXFileReference; lastKnownFileType = sourcecode.swift; path = SceneDelegate.swift; sourceTree = "<group>"; };
		A73883E0263361910064B985 /* ViewController.swift */ = {isa = PBXFileReference; lastKnownFileType = sourcecode.swift; path = ViewController.swift; sourceTree = "<group>"; };
		A73883E3263361910064B985 /* Base */ = {isa = PBXFileReference; lastKnownFileType = file.storyboard; name = Base; path = Base.lproj/Main.storyboard; sourceTree = "<group>"; };
		A73883E5263361920064B985 /* Assets.xcassets */ = {isa = PBXFileReference; lastKnownFileType = folder.assetcatalog; path = Assets.xcassets; sourceTree = "<group>"; };
		A73883E8263361920064B985 /* Base */ = {isa = PBXFileReference; lastKnownFileType = file.storyboard; name = Base; path = Base.lproj/LaunchScreen.storyboard; sourceTree = "<group>"; };
		A73883EA263361920064B985 /* Info.plist */ = {isa = PBXFileReference; lastKnownFileType = text.plist.xml; path = Info.plist; sourceTree = "<group>"; };
		A73883F0263369BC0064B985 /* chogokubosogothic_5.ttf */ = {isa = PBXFileReference; lastKnownFileType = file; path = chogokubosogothic_5.ttf; sourceTree = "<group>"; };
		A73883F8263384390064B985 /* LouisvuittonTableViewController.swift */ = {isa = PBXFileReference; lastKnownFileType = sourcecode.swift; path = LouisvuittonTableViewController.swift; sourceTree = "<group>"; };
/* End PBXFileReference section */

/* Begin PBXFrameworksBuildPhase section */
		A73883D6263361910064B985 /* Frameworks */ = {
			isa = PBXFrameworksBuildPhase;
			buildActionMask = 2147483647;
			files = (
			);
			runOnlyForDeploymentPostprocessing = 0;
		};
/* End PBXFrameworksBuildPhase section */

/* Begin PBXGroup section */
		A73883D0263361910064B985 = {
			isa = PBXGroup;
			children = (
				A73883F8263384390064B985 /* LouisvuittonTableViewController.swift */,
				A73883DB263361910064B985 /* shopp */,
				A73883DA263361910064B985 /* Products */,
			);
			sourceTree = "<group>";
		};
		A73883DA263361910064B985 /* Products */ = {
			isa = PBXGroup;
			children = (
				A73883D9263361910064B985 /* shopp.app */,
			);
			name = Products;
			sourceTree = "<group>";
		};
		A73883DB263361910064B985 /* shopp */ = {
			isa = PBXGroup;
			children = (
				A73883F0263369BC0064B985 /* chogokubosogothic_5.ttf */,
				A73883DC263361910064B985 /* AppDelegate.swift */,
				A73883DE263361910064B985 /* SceneDelegate.swift */,
				A73883E0263361910064B985 /* ViewController.swift */,
				A73883E2263361910064B985 /* Main.storyboard */,
				A73883E5263361920064B985 /* Assets.xcassets */,
				A73883E7263361920064B985 /* LaunchScreen.storyboard */,
				A73883EA263361920064B985 /* Info.plist */,
			);
			path = shopp;
			sourceTree = "<group>";
		};
/* End PBXGroup section */

/* Begin PBXNativeTarget section */
		A73883D8263361910064B985 /* shopp */ = {
			isa = PBXNativeTarget;
			buildConfigurationList = A73883ED263361920064B985 /* Build configuration list for PBXNativeTarget "shopp" */;
			buildPhases = (
				A73883D5263361910064B985 /* Sources */,
				A73883D6263361910064B985 /* Frameworks */,
				A73883D7263361910064B985 /* Resources */,
			);
			buildRules = (
			);
			dependencies = (
			);
			name = shopp;
			productName = shopp;
			productReference = A73883D9263361910064B985 /* shopp.app */;
			productType = "com.apple.product-type.application";
		};
/* End PBXNativeTarget section */

/* Begin PBXProject section */
		A73883D1263361910064B985 /* Project object */ = {
			isa = PBXProject;
			attributes = {
				LastSwiftUpdateCheck = 1250;
				LastUpgradeCheck = 1250;
				TargetAttributes = {
					A73883D8263361910064B985 = {
						CreatedOnToolsVersion = 12.5;
					};
				};
			};
			buildConfigurationList = A73883D4263361910064B985 /* Build configuration list for PBXProject "shopp" */;
			compatibilityVersion = "Xcode 9.3";
			developmentRegion = en;
			hasScannedForEncodings = 0;
			knownRegions = (
				en,
				Base,
			);
			mainGroup = A73883D0263361910064B985;
			productRefGroup = A73883DA263361910064B985 /* Products */;
			projectDirPath = "";
			projectRoot = "";
			targets = (
				A73883D8263361910064B985 /* shopp */,
			);
		};
/* End PBXProject section */

/* Begin PBXResourcesBuildPhase section */
		A73883D7263361910064B985 /* Resources */ = {
			isa = PBXResourcesBuildPhase;
			buildActionMask = 2147483647;
			files = (
				A73883F1263369BC0064B985 /* chogokubosogothic_5.ttf in Resources */,
				A73883E9263361920064B985 /* LaunchScreen.storyboard in Resources */,
				A73883E6263361920064B985 /* Assets.xcassets in Resources */,
				A73883E4263361910064B985 /* Main.storyboard in Resources */,
			);
			runOnlyForDeploymentPostprocessing = 0;
		};
/* End PBXResourcesBuildPhase section */

/* Begin PBXSourcesBuildPhase section */
		A73883D5263361910064B985 /* Sources */ = {
			isa = PBXSourcesBuildPhase;
			buildActionMask = 2147483647;
			files = (
				A73883F9263384390064B985 /* LouisvuittonTableViewController.swift in Sources */,
				A73883E1263361910064B985 /* ViewController.swift in Sources */,
				A73883DD263361910064B985 /* AppDelegate.swift in Sources */,
				A73883DF263361910064B985 /* SceneDelegate.swift in Sources */,
			);
			runOnlyForDeploymentPostprocessing = 0;
		};
/* End PBXSourcesBuildPhase section */

/* Begin PBXVariantGroup section */
		A73883E2263361910064B985 /* Main.storyboard */ = {
			isa = PBXVariantGroup;
			children = (
				A73883E3263361910064B985 /* Base */,
			);
			name = Main.storyboard;
			sourceTree = "<group>";
		};
		A73883E7263361920064B985 /* LaunchScreen.storyboard */ = {
			isa = PBXVariantGroup;
			children = (
				A73883E8263361920064B985 /* Base */,
			);
			name = LaunchScreen.storyboard;
			sourceTree = "<group>";
		};
/* End PBXVariantGroup section */

/* Begin XCBuildConfiguration section */
		A73883EB263361920064B985 /* Debug */ = {
			isa = XCBuildConfiguration;
			buildSettings = {
				ALWAYS_SEARCH_USER_PATHS = NO;
				CLANG_ANALYZER_NONNULL = YES;
				CLANG_ANALYZER_NUMBER_OBJECT_CONVERSION = YES_AGGRESSIVE;
				CLANG_CXX_LANGUAGE_STANDARD = "gnu++14";
				CLANG_CXX_LIBRARY = "libc++";
				CLANG_ENABLE_MODULES = YES;
				CLANG_ENABLE_OBJC_ARC = YES;
				CLANG_ENABLE_OBJC_WEAK = YES;
				CLANG_WARN_BLOCK_CAPTURE_AUTORELEASING = YES;
				CLANG_WARN_BOOL_CONVERSION = YES;
				CLANG_WARN_COMMA = YES;
				CLANG_WARN_CONSTANT_CONVERSION = YES;
				CLANG_WARN_DEPRECATED_OBJC_IMPLEMENTATIONS = YES;
				CLANG_WARN_DIRECT_OBJC_ISA_USAGE = YES_ERROR;
				CLANG_WARN_DOCUMENTATION_COMMENTS = YES;
				CLANG_WARN_EMPTY_BODY = YES;
				CLANG_WARN_ENUM_CONVERSION = YES;
				CLANG_WARN_INFINITE_RECURSION = YES;
				CLANG_WARN_INT_CONVERSION = YES;
				CLANG_WARN_NON_LITERAL_NULL_CONVERSION = YES;
				CLANG_WARN_OBJC_IMPLICIT_RETAIN_SELF = YES;
				CLANG_WARN_OBJC_LITERAL_CONVERSION = YES;
				CLANG_WARN_OBJC_ROOT_CLASS = YES_ERROR;
				CLANG_WARN_QUOTED_INCLUDE_IN_FRAMEWORK_HEADER = YES;
				CLANG_WARN_RANGE_LOOP_ANALYSIS = YES;
				CLANG_WARN_STRICT_PROTOTYPES = YES;
				CLANG_WARN_SUSPICIOUS_MOVE = YES;
				CLANG_WARN_UNGUARDED_AVAILABILITY = YES_AGGRESSIVE;
				CLANG_WARN_UNREACHABLE_CODE = YES;
				CLANG_WARN__DUPLICATE_METHOD_MATCH = YES;
				COPY_PHASE_STRIP = NO;
				DEBUG_INFORMATION_FORMAT = dwarf;
				ENABLE_STRICT_OBJC_MSGSEND = YES;
				ENABLE_TESTABILITY = YES;
				GCC_C_LANGUAGE_STANDARD = gnu11;
				GCC_DYNAMIC_NO_PIC = NO;
				GCC_NO_COMMON_BLOCKS = YES;
				GCC_OPTIMIZATION_LEVEL = 0;
				GCC_PREPROCESSOR_DEFINITIONS = (
					"DEBUG=1",
					"$(inherited)",
				);
				GCC_WARN_64_TO_32_BIT_CONVERSION = YES;
				GCC_WARN_ABOUT_RETURN_TYPE = YES_ERROR;
				GCC_WARN_UNDECLARED_SELECTOR = YES;
				GCC_WARN_UNINITIALIZED_AUTOS = YES_AGGRESSIVE;
				GCC_WARN_UNUSED_FUNCTION = YES;
				GCC_WARN_UNUSED_VARIABLE = YES;
				IPHONEOS_DEPLOYMENT_TARGET = 14.5;
				MTL_ENABLE_DEBUG_INFO = INCLUDE_SOURCE;
				MTL_FAST_MATH = YES;
				ONLY_ACTIVE_ARCH = YES;
				SDKROOT = iphoneos;
				SWIFT_ACTIVE_COMPILATION_CONDITIONS = DEBUG;
				SWIFT_OPTIMIZATION_LEVEL = "-Onone";
			};
			name = Debug;
		};
		A73883EC263361920064B985 /* Release */ = {
			isa = XCBuildConfiguration;
			buildSettings = {
				ALWAYS_SEARCH_USER_PATHS = NO;
				CLANG_ANALYZER_NONNULL = YES;
				CLANG_ANALYZER_NUMBER_OBJECT_CONVERSION = YES_AGGRESSIVE;
				CLANG_CXX_LANGUAGE_STANDARD = "gnu++14";
				CLANG_CXX_LIBRARY = "libc++";
				CLANG_ENABLE_MODULES = YES;
				CLANG_ENABLE_OBJC_ARC = YES;
				CLANG_ENABLE_OBJC_WEAK = YES;
				CLANG_WARN_BLOCK_CAPTURE_AUTORELEASING = YES;
				CLANG_WARN_BOOL_CONVERSION = YES;
				CLANG_WARN_COMMA = YES;
				CLANG_WARN_CONSTANT_CONVERSION = YES;
				CLANG_WARN_DEPRECATED_OBJC_IMPLEMENTATIONS = YES;
				CLANG_WARN_DIRECT_OBJC_ISA_USAGE = YES_ERROR;
				CLANG_WARN_DOCUMENTATION_COMMENTS = YES;
				CLANG_WARN_EMPTY_BODY = YES;
				CLANG_WARN_ENUM_CONVERSION = YES;
				CLANG_WARN_INFINITE_RECURSION = YES;
				CLANG_WARN_INT_CONVERSION = YES;
				CLANG_WARN_NON_LITERAL_NULL_CONVERSION = YES;
				CLANG_WARN_OBJC_IMPLICIT_RETAIN_SELF = YES;
				CLANG_WARN_OBJC_LITERAL_CONVERSION = YES;
				CLANG_WARN_OBJC_ROOT_CLASS = YES_ERROR;
				CLANG_WARN_QUOTED_INCLUDE_IN_FRAMEWORK_HEADER = YES;
				CLANG_WARN_RANGE_LOOP_ANALYSIS = YES;
				CLANG_WARN_STRICT_PROTOTYPES = YES;
				CLANG_WARN_SUSPICIOUS_MOVE = YES;
				CLANG_WARN_UNGUARDED_AVAILABILITY = YES_AGGRESSIVE;
				CLANG_WARN_UNREACHABLE_CODE = YES;
				CLANG_WARN__DUPLICATE_METHOD_MATCH = YES;
				COPY_PHASE_STRIP = NO;
				DEBUG_INFORMATION_FORMAT = "dwarf-with-dsym";
				ENABLE_NS_ASSERTIONS = NO;
				ENABLE_STRICT_OBJC_MSGSEND = YES;
				GCC_C_LANGUAGE_STANDARD = gnu11;
				GCC_NO_COMMON_BLOCKS = YES;
				GCC_WARN_64_TO_32_BIT_CONVERSION = YES;
				GCC_WARN_ABOUT_RETURN_TYPE = YES_ERROR;
				GCC_WARN_UNDECLARED_SELECTOR = YES;
				GCC_WARN_UNINITIALIZED_AUTOS = YES_AGGRESSIVE;
				GCC_WARN_UNUSED_FUNCTION = YES;
				GCC_WARN_UNUSED_VARIABLE = YES;
				IPHONEOS_DEPLOYMENT_TARGET = 14.5;
				MTL_ENABLE_DEBUG_INFO = NO;
				MTL_FAST_MATH = YES;
				SDKROOT = iphoneos;
				SWIFT_COMPILATION_MODE = wholemodule;
				SWIFT_OPTIMIZATION_LEVEL = "-O";
				VALIDATE_PRODUCT = YES;
			};
			name = Release;
		};
		A73883EE263361920064B985 /* Debug */ = {
			isa = XCBuildConfiguration;
			buildSettings = {
				ASSETCATALOG_COMPILER_APPICON_NAME = AppIcon;
				ASSETCATALOG_COMPILER_GLOBAL_ACCENT_COLOR_NAME = AccentColor;
				CODE_SIGN_STYLE = Automatic;
				DEVELOPMENT_TEAM = WA34G25776;
				INFOPLIST_FILE = shopp/Info.plist;
				LD_RUNPATH_SEARCH_PATHS = (
					"$(inherited)",
					"@executable_path/Frameworks",
				);
				PRODUCT_BUNDLE_IDENTIFIER = jhen.shopp;
				PRODUCT_NAME = "$(TARGET_NAME)";
				SWIFT_VERSION = 5.0;
				TARGETED_DEVICE_FAMILY = "1,2";
			};
			name = Debug;
		};
		A73883EF263361920064B985 /* Release */ = {
			isa = XCBuildConfiguration;
			buildSettings = {
				ASSETCATALOG_COMPILER_APPICON_NAME = AppIcon;
				ASSETCATALOG_COMPILER_GLOBAL_ACCENT_COLOR_NAME = AccentColor;
				CODE_SIGN_STYLE = Automatic;
				DEVELOPMENT_TEAM = WA34G25776;
				INFOPLIST_FILE = shopp/Info.plist;
				LD_RUNPATH_SEARCH_PATHS = (
					"$(inherited)",
					"@executable_path/Frameworks",
				);
				PRODUCT_BUNDLE_IDENTIFIER = jhen.shopp;
				PRODUCT_NAME = "$(TARGET_NAME)";
				SWIFT_VERSION = 5.0;
				TARGETED_DEVICE_FAMILY = "1,2";
			};
			name = Release;
		};
/* End XCBuildConfiguration section */

/* Begin XCConfigurationList section */
		A73883D4263361910064B985 /* Build configuration list for PBXProject "shopp" */ = {
			isa = XCConfigurationList;
			buildConfigurations = (
				A73883EB263361920064B985 /* Debug */,
				A73883EC263361920064B985 /* Release */,
			);
			defaultConfigurationIsVisible = 0;
			defaultConfigurationName = Release;
		};
		A73883ED263361920064B985 /* Build configuration list for PBXNativeTarget "shopp" */ = {
			isa = XCConfigurationList;
			buildConfigurations = (
				A73883EE263361920064B985 /* Debug */,
				A73883EF263361920064B985 /* Release */,
			);
			defaultConfigurationIsVisible = 0;
			defaultConfigurationName = Release;
		};
/* End XCConfigurationList section */
	};
	rootObject = A73883D1263361910064B985 /* Project object */;
}
